
Microsoft Visual Studio Solution File, Format Version 12.00
# Visual Studio Version 17
VisualStudioVersion = 17.1.32421.90
MinimumVisualStudioVersion = 10.0.40219.1
Project("{FAE04EC0-301F-11D3-BF4B-00C04F79EFBC}") = "FinalProjAPBD2.Server", "FinalProjAPBD2\Server\FinalProjAPBD2.Server.csproj", "{0F94E101-42A0-47A1-BF20-CE0EAD66FC78}"
EndProject
Project("{FAE04EC0-301F-11D3-BF4B-00C04F79EFBC}") = "FinalProjAPBD2.Client", "FinalProjAPBD2\Client\FinalProjAPBD2.Client.csproj", "{788778C8-C54F-4116-9557-41E31A4C5A91}"
EndProject
Project("{FAE04EC0-301F-11D3-BF4B-00C04F79EFBC}") = "FinalProjAPBD2.Shared", "FinalProjAPBD2\Shared\FinalProjAPBD2.Shared.csproj", "{F8A2B51F-FC3B-40A1-BDFB-877469941606}"
EndProject
Global
	GlobalSection(SolutionConfigurationPlatforms) = preSolution
		Debug|Any CPU = Debug|Any CPU
		Release|Any CPU = Release|Any CPU
	EndGlobalSection
	GlobalSection(ProjectConfigurationPlatforms) = postSolution
		{0F94E101-42A0-47A1-BF20-CE0EAD66FC78}.Debug|Any CPU.ActiveCfg = Debug|Any CPU
		{0F94E101-42A0-47A1-BF20-CE0EAD66FC78}.Debug|Any CPU.Build.0 = Debug|Any CPU
		{0F94E101-42A0-47A1-BF20-CE0EAD66FC78}.Release|Any CPU.ActiveCfg = Release|Any CPU
		{0F94E101-42A0-47A1-BF20-CE0EAD66FC78}.Release|Any CPU.Build.0 = Release|Any CPU
		{788778C8-C54F-4116-9557-41E31A4C5A91}.Debug|Any CPU.ActiveCfg = Debug|Any CPU
		{788778C8-C54F-4116-9557-41E31A4C5A91}.Debug|Any CPU.Build.0 = Debug|Any CPU
		{788778C8-C54F-4116-9557-41E31A4C5A91}.Release|Any CPU.ActiveCfg = Release|Any CPU
		{788778C8-C54F-4116-9557-41E31A4C5A91}.Release|Any CPU.Build.0 = Release|Any CPU
		{F8A2B51F-FC3B-40A1-BDFB-877469941606}.Debug|Any CPU.ActiveCfg = Debug|Any CPU
		{F8A2B51F-FC3B-40A1-BDFB-877469941606}.Debug|Any CPU.Build.0 = Debug|Any CPU
		{F8A2B51F-FC3B-40A1-BDFB-877469941606}.Release|Any CPU.ActiveCfg = Release|Any CPU
		{F8A2B51F-FC3B-40A1-BDFB-877469941606}.Release|Any CPU.Build.0 = Release|Any CPU
	EndGlobalSection
	GlobalSection(SolutionProperties) = preSolution
		HideSolutionNode = FALSE
	EndGlobalSection
	GlobalSection(ExtensibilityGlobals) = postSolution
		SolutionGuid = {D5A037C6-FCC7-45E1-ADAE-6B03D1FD10A3}
	EndGlobalSection
EndGlobal
